// !$*UTF8*$!
{
	archiveVersion = 1;
	classes = {
	};
	objectVersion = 56;
	objects = {

/* Begin PBXBuildFile section */
		0978A5A4F85C7361893A41E5 /* Sources/MacMuteApp/MicMuteController.swift in Sources */ = {isa = PBXBuildFile; fileRef = FC4165FACED749201B1DF3D6 /* Sources/MacMuteApp/MicMuteController.swift */; };
		54C0D2410748EE4E54C3F0CD /* Sources/MacMuteApp/AppDelegate.swift in Sources */ = {isa = PBXBuildFile; fileRef = 9834A51247CBE7FF93B60A7F /* Sources/MacMuteApp/AppDelegate.swift */; };
		5A4EC18E4951F47942EBD308 /* Sources/MacMuteApp/ClickSoundPlayer.swift in Sources */ = {isa = PBXBuildFile; fileRef = D64839B49AB397A5C3A35C7B /* Sources/MacMuteApp/ClickSoundPlayer.swift */; };
		63AB3ED8DD3C16412B50765E /* Sources/MacMuteApp/HotkeyManager.swift in Sources */ = {isa = PBXBuildFile; fileRef = EF4A51C7D6B8CDC9CA52D327 /* Sources/MacMuteApp/HotkeyManager.swift */; };
		67283661A259879923BCB7CD /* Sources/MacMuteApp/MicrophoneActionController.swift in Sources */ = {isa = PBXBuildFile; fileRef = 973BD5A2305BDA82AA192E4A /* Sources/MacMuteApp/MicrophoneActionController.swift */; };
		68CB5C07DAB2DB2C7B51D3CB /* Tests/MacMuteAppTests/MicMuteControllerTests.swift in Sources */ = {isa = PBXBuildFile; fileRef = 632A0C32EBC2CD51D84FF342 /* Tests/MacMuteAppTests/MicMuteControllerTests.swift */; };
		74C2431FE30C4A47C8443B80 /* Resources/RaptorIcon.png in Resources */ = {isa = PBXBuildFile; fileRef = F8995BA5891B07E328C60D6B /* Resources/RaptorIcon.png */; };
		AFAB677187F67732C8CC4A38 /* Sources/MacMuteApp/MacMuteApplication.swift in Sources */ = {isa = PBXBuildFile; fileRef = AADD5C23026C0D59AE6B6C81 /* Sources/MacMuteApp/MacMuteApplication.swift */; };
		C0BC9BAA7CB650194C07BF2F /* Sources/MacMuteApp/PreferencesWindow.swift in Sources */ = {isa = PBXBuildFile; fileRef = 874924BE6C9B0F6855C1D63C /* Sources/MacMuteApp/PreferencesWindow.swift */; };
		CC070515EB886D43CB13D9D4 /* Tests/MacMuteAppTests/ReleaseScriptTests.swift in Sources */ = {isa = PBXBuildFile; fileRef = A15B676969A5E7D9E12E652A /* Tests/MacMuteAppTests/ReleaseScriptTests.swift */; };
		D90F8BD9B78B4D88B46E0D1D /* Sources/MacMuteApp/StatusBarController.swift in Sources */ = {isa = PBXBuildFile; fileRef = ABCE670E24B70CFE507AFAE8 /* Sources/MacMuteApp/StatusBarController.swift */; };
		FF00A107DDE7181CA7E31724 /* Sources/MacMuteApp/LaunchAtLoginManager.swift in Sources */ = {isa = PBXBuildFile; fileRef = 711E0CD81FA22FA279410FCF /* Sources/MacMuteApp/LaunchAtLoginManager.swift */; };
/* End PBXBuildFile section */

/* Begin PBXContainerItemProxy section */
		D799BAE6088A90139B415FCC /* PBXContainerItemProxy */ = {
			isa = PBXContainerItemProxy;
			containerPortal = 98F54143AB4E86B28C3AFEE0 /* Project object */;
			proxyType = 1;
			remoteGlobalIDString = C13732C8E715C9BEE4FA51C9;
			remoteInfo = MacMute;
		};
/* End PBXContainerItemProxy section */

/* Begin PBXFileReference section */
		59BD0A3FF43B32849B319E64 /* Resources/Info.plist */ = {isa = PBXFileReference; lastKnownFileType = text.plist.xml; path = Resources/Info.plist; sourceTree = SOURCE_ROOT; };
		632A0C32EBC2CD51D84FF342 /* Tests/MacMuteAppTests/MicMuteControllerTests.swift */ = {isa = PBXFileReference; lastKnownFileType = sourcecode.swift; path = Tests/MacMuteAppTests/MicMuteControllerTests.swift; sourceTree = SOURCE_ROOT; };
		711E0CD81FA22FA279410FCF /* Sources/MacMuteApp/LaunchAtLoginManager.swift */ = {isa = PBXFileReference; lastKnownFileType = sourcecode.swift; path = Sources/MacMuteApp/LaunchAtLoginManager.swift; sourceTree = SOURCE_ROOT; };
		874924BE6C9B0F6855C1D63C /* Sources/MacMuteApp/PreferencesWindow.swift */ = {isa = PBXFileReference; lastKnownFileType = sourcecode.swift; path = Sources/MacMuteApp/PreferencesWindow.swift; sourceTree = SOURCE_ROOT; };
		8BCD5BC4CDFDF0918087C782 /* MacMute.app */ = {isa = PBXFileReference; explicitFileType = wrapper.application; path = MacMute.app; sourceTree = BUILT_PRODUCTS_DIR; };
		973BD5A2305BDA82AA192E4A /* Sources/MacMuteApp/MicrophoneActionController.swift */ = {isa = PBXFileReference; lastKnownFileType = sourcecode.swift; path = Sources/MacMuteApp/MicrophoneActionController.swift; sourceTree = SOURCE_ROOT; };
		9834A51247CBE7FF93B60A7F /* Sources/MacMuteApp/AppDelegate.swift */ = {isa = PBXFileReference; lastKnownFileType = sourcecode.swift; path = Sources/MacMuteApp/AppDelegate.swift; sourceTree = SOURCE_ROOT; };
		A15B676969A5E7D9E12E652A /* Tests/MacMuteAppTests/ReleaseScriptTests.swift */ = {isa = PBXFileReference; lastKnownFileType = sourcecode.swift; path = Tests/MacMuteAppTests/ReleaseScriptTests.swift; sourceTree = SOURCE_ROOT; };
		AADD5C23026C0D59AE6B6C81 /* Sources/MacMuteApp/MacMuteApplication.swift */ = {isa = PBXFileReference; lastKnownFileType = sourcecode.swift; path = Sources/MacMuteApp/MacMuteApplication.swift; sourceTree = SOURCE_ROOT; };
		ABCE670E24B70CFE507AFAE8 /* Sources/MacMuteApp/StatusBarController.swift */ = {isa = PBXFileReference; lastKnownFileType = sourcecode.swift; path = Sources/MacMuteApp/StatusBarController.swift; sourceTree = SOURCE_ROOT; };
		D64839B49AB397A5C3A35C7B /* Sources/MacMuteApp/ClickSoundPlayer.swift */ = {isa = PBXFileReference; lastKnownFileType = sourcecode.swift; path = Sources/MacMuteApp/ClickSoundPlayer.swift; sourceTree = SOURCE_ROOT; };
		EF4A51C7D6B8CDC9CA52D327 /* Sources/MacMuteApp/HotkeyManager.swift */ = {isa = PBXFileReference; lastKnownFileType = sourcecode.swift; path = Sources/MacMuteApp/HotkeyManager.swift; sourceTree = SOURCE_ROOT; };
		F219C0274590DA45E4BEF1EA /* MacMuteAppTests.xctest */ = {isa = PBXFileReference; explicitFileType = wrapper.cfbundle; path = MacMuteAppTests.xctest; sourceTree = BUILT_PRODUCTS_DIR; };
		F8995BA5891B07E328C60D6B /* Resources/RaptorIcon.png */ = {isa = PBXFileReference; lastKnownFileType = image.png; path = Resources/RaptorIcon.png; sourceTree = SOURCE_ROOT; };
		FC4165FACED749201B1DF3D6 /* Sources/MacMuteApp/MicMuteController.swift */ = {isa = PBXFileReference; lastKnownFileType = sourcecode.swift; path = Sources/MacMuteApp/MicMuteController.swift; sourceTree = SOURCE_ROOT; };
/* End PBXFileReference section */

/* Begin PBXFrameworksBuildPhase section */
		1ABF84E55BD30AC2CEF8FC42 /* Frameworks */ = {
			isa = PBXFrameworksBuildPhase;
			buildActionMask = 2147483647;
			files = (
			);
			runOnlyForDeploymentPostprocessing = 0;
		};
		78AE8C6BEB2A40A6D824CCEE /* Frameworks */ = {
			isa = PBXFrameworksBuildPhase;
			buildActionMask = 2147483647;
			files = (
			);
			runOnlyForDeploymentPostprocessing = 0;
		};
/* End PBXFrameworksBuildPhase section */

/* Begin PBXGroup section */
		0189424A5A60FED329FA868E /* Resources */ = {
			isa = PBXGroup;
			children = (
				59BD0A3FF43B32849B319E64 /* Resources/Info.plist */,
				F8995BA5891B07E328C60D6B /* Resources/RaptorIcon.png */,
			);
			name = Resources;
			sourceTree = "<group>";
		};
		04D13FD0AA6F0197CF2C9990 /* Tests */ = {
			isa = PBXGroup;
			children = (
				632A0C32EBC2CD51D84FF342 /* Tests/MacMuteAppTests/MicMuteControllerTests.swift */,
				A15B676969A5E7D9E12E652A /* Tests/MacMuteAppTests/ReleaseScriptTests.swift */,
			);
			name = Tests;
			sourceTree = "<group>";
		};
		BCE16DD0260827ECF338C787 /* Sources */ = {
			isa = PBXGroup;
			children = (
				9834A51247CBE7FF93B60A7F /* Sources/MacMuteApp/AppDelegate.swift */,
				D64839B49AB397A5C3A35C7B /* Sources/MacMuteApp/ClickSoundPlayer.swift */,
				EF4A51C7D6B8CDC9CA52D327 /* Sources/MacMuteApp/HotkeyManager.swift */,
				711E0CD81FA22FA279410FCF /* Sources/MacMuteApp/LaunchAtLoginManager.swift */,
				AADD5C23026C0D59AE6B6C81 /* Sources/MacMuteApp/MacMuteApplication.swift */,
				FC4165FACED749201B1DF3D6 /* Sources/MacMuteApp/MicMuteController.swift */,
				874924BE6C9B0F6855C1D63C /* Sources/MacMuteApp/PreferencesWindow.swift */,
				973BD5A2305BDA82AA192E4A /* Sources/MacMuteApp/MicrophoneActionController.swift */,
				ABCE670E24B70CFE507AFAE8 /* Sources/MacMuteApp/StatusBarController.swift */,
			);
			name = Sources;
			sourceTree = "<group>";
		};
		DC76E9F0C0006E8F919E0C51 = {
			isa = PBXGroup;
			children = (
				BCE16DD0260827ECF338C787 /* Sources */,
				04D13FD0AA6F0197CF2C9990 /* Tests */,
				0189424A5A60FED329FA868E /* Resources */,
				FBDC4F23F93125BBEEAE800C /* Products */,
			);
			sourceTree = "<group>";
		};
		FBDC4F23F93125BBEEAE800C /* Products */ = {
			isa = PBXGroup;
			children = (
				8BCD5BC4CDFDF0918087C782 /* MacMute.app */,
				F219C0274590DA45E4BEF1EA /* MacMuteAppTests.xctest */,
			);
			name = Products;
			sourceTree = "<group>";
		};
/* End PBXGroup section */

/* Begin PBXNativeTarget section */
		64BCB755386F844C96A2A5B0 /* MacMuteAppTests */ = {
			isa = PBXNativeTarget;
			buildConfigurationList = BECB265224D91761C05FDA33 /* Build configuration list for PBXNativeTarget "MacMuteAppTests" */;
			buildPhases = (
				6E431EB0650617AA1756B320 /* Sources */,
				1ABF84E55BD30AC2CEF8FC42 /* Frameworks */,
			);
			buildRules = (
			);
			dependencies = (
				DE58E2B17C19600779694943 /* PBXTargetDependency */,
			);
			name = MacMuteAppTests;
			productName = MacMuteAppTests;
			productReference = F219C0274590DA45E4BEF1EA /* MacMuteAppTests.xctest */;
			productType = "com.apple.product-type.bundle.unit-test";
		};
		C13732C8E715C9BEE4FA51C9 /* MacMute */ = {
			isa = PBXNativeTarget;
			buildConfigurationList = F37922C48DA5978D02C9E50E /* Build configuration list for PBXNativeTarget "MacMute" */;
			buildPhases = (
				971ED9D05B25DB6C4D7680D4 /* Sources */,
				78AE8C6BEB2A40A6D824CCEE /* Frameworks */,
				364863F9F2E558B0F50473FC /* Resources */,
				39C6E398A04BE9557E9F612D /* Generate App Icon */,
			);
			buildRules = (
			);
			dependencies = (
			);
			name = MacMute;
			productName = MacMute;
			productReference = 8BCD5BC4CDFDF0918087C782 /* MacMute.app */;
			productType = "com.apple.product-type.application";
		};
/* End PBXNativeTarget section */

/* Begin PBXProject section */
		98F54143AB4E86B28C3AFEE0 /* Project object */ = {
			isa = PBXProject;
			attributes = {
				BuildIndependentTargetsInParallel = YES;
				LastUpgradeCheck = 2700;
			};
			buildConfigurationList = 862894B703A6DEDF96A9DD6C /* Build configuration list for PBXProject "MacMute" */;
			compatibilityVersion = "Xcode 14.0";
			developmentRegion = en;
			hasScannedForEncodings = 0;
			knownRegions = (
				en,
				Base,
			);
			mainGroup = DC76E9F0C0006E8F919E0C51;
			productRefGroup = FBDC4F23F93125BBEEAE800C /* Products */;
			projectDirPath = "";
			projectRoot = "";
			targets = (
				C13732C8E715C9BEE4FA51C9 /* MacMute */,
				64BCB755386F844C96A2A5B0 /* MacMuteAppTests */,
			);
		};
/* End PBXProject section */

/* Begin PBXResourcesBuildPhase section */
		364863F9F2E558B0F50473FC /* Resources */ = {
			isa = PBXResourcesBuildPhase;
			buildActionMask = 2147483647;
			files = (
				74C2431FE30C4A47C8443B80 /* Resources/RaptorIcon.png in Resources */,
			);
			runOnlyForDeploymentPostprocessing = 0;
		};
/* End PBXResourcesBuildPhase section */

/* Begin PBXShellScriptBuildPhase section */
		39C6E398A04BE9557E9F612D /* Generate App Icon */ = {
			isa = PBXShellScriptBuildPhase;
			buildActionMask = 2147483647;
			files = (
			);
			inputPaths = (
				"$(SRCROOT)/Resources/RaptorIcon.png",
			);
			name = "Generate App Icon";
			outputPaths = (
				"$(TARGET_BUILD_DIR)/$(UNLOCALIZED_RESOURCES_FOLDER_PATH)/AppIcon.icns",
			);
			runOnlyForDeploymentPostprocessing = 0;
			shellPath = /bin/bash;
			shellScript = "set -eu\nICONSET=\"${DERIVED_FILE_DIR}/AppIcon.iconset\"\nmkdir -p \"$ICONSET\"\nfor size in 16 32 128 256 512; do\n sips -z \"$size\" \"$size\" \"$SRCROOT/Resources/RaptorIcon.png\" --out \"$ICONSET/icon_${size}x${size}.png\" >/dev/null\n double=$((size * 2))\n sips -z \"$double\" \"$double\" \"$SRCROOT/Resources/RaptorIcon.png\" --out \"$ICONSET/icon_${size}x${size}@2x.png\" >/dev/null\ndone\niconutil -c icns \"$ICONSET\" -o \"$TARGET_BUILD_DIR/$UNLOCALIZED_RESOURCES_FOLDER_PATH/AppIcon.icns\"\n";
		};
/* End PBXShellScriptBuildPhase section */

/* Begin PBXSourcesBuildPhase section */
		6E431EB0650617AA1756B320 /* Sources */ = {
			isa = PBXSourcesBuildPhase;
			buildActionMask = 2147483647;
			files = (
				68CB5C07DAB2DB2C7B51D3CB /* Tests/MacMuteAppTests/MicMuteControllerTests.swift in Sources */,
				CC070515EB886D43CB13D9D4 /* Tests/MacMuteAppTests/ReleaseScriptTests.swift in Sources */,
			);
			runOnlyForDeploymentPostprocessing = 0;
		};
		971ED9D05B25DB6C4D7680D4 /* Sources */ = {
			isa = PBXSourcesBuildPhase;
			buildActionMask = 2147483647;
			files = (
				54C0D2410748EE4E54C3F0CD /* Sources/MacMuteApp/AppDelegate.swift in Sources */,
				5A4EC18E4951F47942EBD308 /* Sources/MacMuteApp/ClickSoundPlayer.swift in Sources */,
				63AB3ED8DD3C16412B50765E /* Sources/MacMuteApp/HotkeyManager.swift in Sources */,
				FF00A107DDE7181CA7E31724 /* Sources/MacMuteApp/LaunchAtLoginManager.swift in Sources */,
				AFAB677187F67732C8CC4A38 /* Sources/MacMuteApp/MacMuteApplication.swift in Sources */,
				0978A5A4F85C7361893A41E5 /* Sources/MacMuteApp/MicMuteController.swift in Sources */,
				C0BC9BAA7CB650194C07BF2F /* Sources/MacMuteApp/PreferencesWindow.swift in Sources */,
				67283661A259879923BCB7CD /* Sources/MacMuteApp/MicrophoneActionController.swift in Sources */,
				D90F8BD9B78B4D88B46E0D1D /* Sources/MacMuteApp/StatusBarController.swift in Sources */,
			);
			runOnlyForDeploymentPostprocessing = 0;
		};
/* End PBXSourcesBuildPhase section */

/* Begin PBXTargetDependency section */
		DE58E2B17C19600779694943 /* PBXTargetDependency */ = {
			isa = PBXTargetDependency;
			target = C13732C8E715C9BEE4FA51C9 /* MacMute */;
			targetProxy = D799BAE6088A90139B415FCC /* PBXContainerItemProxy */;
		};
/* End PBXTargetDependency section */

/* Begin XCBuildConfiguration section */
		5A8C91857F674E16E2724F47 /* Release */ = {
			isa = XCBuildConfiguration;
			buildSettings = {
				CLANG_ENABLE_OBJC_WEAK = YES;
				CODE_SIGN_STYLE = Automatic;
				COMBINE_HIDPI_IMAGES = YES;
				DEAD_CODE_STRIPPING = YES;
				DEBUG_INFORMATION_FORMAT = "dwarf-with-dsym";
				ENABLE_APP_SANDBOX = NO;
				ENABLE_HARDENED_RUNTIME = YES;
				ENABLE_TESTABILITY = NO;
				ENABLE_USER_SCRIPT_SANDBOXING = NO;
				GENERATE_INFOPLIST_FILE = NO;
				INFOPLIST_FILE = Resources/Info.plist;
				MACOSX_DEPLOYMENT_TARGET = 13.0;
				PRODUCT_BUNDLE_IDENTIFIER = com.breu.macmute;
				PRODUCT_MODULE_NAME = MacMuteApp;
				PRODUCT_NAME = MacMute;
				SWIFT_OPTIMIZATION_LEVEL = "-O";
			};
			name = Release;
		};
		89E1FD6268CC0F221A2BE178 /* Debug */ = {
			isa = XCBuildConfiguration;
			buildSettings = {
				CLANG_ENABLE_MODULES = YES;
				CLANG_WARN_BLOCK_CAPTURE_AUTORELEASING = YES;
				CLANG_WARN_BOOL_CONVERSION = YES;
				CLANG_WARN_COMMA = YES;
				CLANG_WARN_CONSTANT_CONVERSION = YES;
				CLANG_WARN_DEPRECATED_OBJC_IMPLEMENTATIONS = YES;
				CLANG_WARN_EMPTY_BODY = YES;
				CLANG_WARN_ENUM_CONVERSION = YES;
				CLANG_WARN_INFINITE_RECURSION = YES;
				CLANG_WARN_INT_CONVERSION = YES;
				CLANG_WARN_NON_LITERAL_NULL_CONVERSION = YES;
				CLANG_WARN_OBJC_IMPLICIT_RETAIN_SELF = YES;
				CLANG_WARN_OBJC_LITERAL_CONVERSION = YES;
				CLANG_WARN_QUOTED_INCLUDE_IN_FRAMEWORK_HEADER = YES;
				CLANG_WARN_RANGE_LOOP_ANALYSIS = YES;
				CLANG_WARN_STRICT_PROTOTYPES = YES;
				CLANG_WARN_SUSPICIOUS_MOVE = YES;
				CLANG_WARN_UNREACHABLE_CODE = YES;
				CLANG_WARN__DUPLICATE_METHOD_MATCH = YES;
				DEAD_CODE_STRIPPING = YES;
				DEBUG_INFORMATION_FORMAT = dwarf;
				DEVELOPMENT_TEAM = 6Q66ZYGK4J;
				ENABLE_STRICT_OBJC_MSGSEND = YES;
				ENABLE_TESTABILITY = YES;
				GCC_NO_COMMON_BLOCKS = YES;
				GCC_WARN_64_TO_32_BIT_CONVERSION = YES;
				GCC_WARN_ABOUT_RETURN_TYPE = YES;
				GCC_WARN_UNDECLARED_SELECTOR = YES;
				GCC_WARN_UNINITIALIZED_AUTOS = YES;
				GCC_WARN_UNUSED_FUNCTION = YES;
				GCC_WARN_UNUSED_VARIABLE = YES;
				MACOSX_DEPLOYMENT_TARGET = 13.0;
				ONLY_ACTIVE_ARCH = YES;
				SDKROOT = macosx;
				STRING_CATALOG_GENERATE_SYMBOLS = YES;
				SWIFT_ACTIVE_COMPILATION_CONDITIONS = "DEBUG $(inherited)";
				SWIFT_OPTIMIZATION_LEVEL = "-Onone";
				SWIFT_STRICT_CONCURRENCY = complete;
				SWIFT_VERSION = 5.0;
			};
			name = Debug;
		};
		942EEBBACD6C88CAE7F29B29 /* Release */ = {
			isa = XCBuildConfiguration;
			buildSettings = {
				BUNDLE_LOADER = "$(TEST_HOST)";
				CLANG_ENABLE_OBJC_WEAK = YES;
				CODE_SIGN_STYLE = Automatic;
				DEAD_CODE_STRIPPING = YES;
				DEBUG_INFORMATION_FORMAT = "dwarf-with-dsym";
				ENABLE_TESTABILITY = NO;
				GENERATE_INFOPLIST_FILE = YES;
				MACOSX_DEPLOYMENT_TARGET = 13.0;
				PRODUCT_BUNDLE_IDENTIFIER = com.breu.macmute.tests;
				PRODUCT_NAME = "$(TARGET_NAME)";
				SWIFT_OPTIMIZATION_LEVEL = "-O";
				TEST_HOST = "$(BUILT_PRODUCTS_DIR)/MacMute.app/Contents/MacOS/MacMute";
			};
			name = Release;
		};
		E6DE6C99132752C914FEF632 /* Release */ = {
			isa = XCBuildConfiguration;
			buildSettings = {
				CLANG_ENABLE_MODULES = YES;
				CLANG_WARN_BLOCK_CAPTURE_AUTORELEASING = YES;
				CLANG_WARN_BOOL_CONVERSION = YES;
				CLANG_WARN_COMMA = YES;
				CLANG_WARN_CONSTANT_CONVERSION = YES;
				CLANG_WARN_DEPRECATED_OBJC_IMPLEMENTATIONS = YES;
				CLANG_WARN_EMPTY_BODY = YES;
				CLANG_WARN_ENUM_CONVERSION = YES;
				CLANG_WARN_INFINITE_RECURSION = YES;
				CLANG_WARN_INT_CONVERSION = YES;
				CLANG_WARN_NON_LITERAL_NULL_CONVERSION = YES;
				CLANG_WARN_OBJC_IMPLICIT_RETAIN_SELF = YES;
				CLANG_WARN_OBJC_LITERAL_CONVERSION = YES;
				CLANG_WARN_QUOTED_INCLUDE_IN_FRAMEWORK_HEADER = YES;
				CLANG_WARN_RANGE_LOOP_ANALYSIS = YES;
				CLANG_WARN_STRICT_PROTOTYPES = YES;
				CLANG_WARN_SUSPICIOUS_MOVE = YES;
				CLANG_WARN_UNREACHABLE_CODE = YES;
				CLANG_WARN__DUPLICATE_METHOD_MATCH = YES;
				DEAD_CODE_STRIPPING = YES;
				DEBUG_INFORMATION_FORMAT = "dwarf-with-dsym";
				DEVELOPMENT_TEAM = 6Q66ZYGK4J;
				ENABLE_STRICT_OBJC_MSGSEND = YES;
				ENABLE_TESTABILITY = NO;
				GCC_NO_COMMON_BLOCKS = YES;
				GCC_WARN_64_TO_32_BIT_CONVERSION = YES;
				GCC_WARN_ABOUT_RETURN_TYPE = YES;
				GCC_WARN_UNDECLARED_SELECTOR = YES;
				GCC_WARN_UNINITIALIZED_AUTOS = YES;
				GCC_WARN_UNUSED_FUNCTION = YES;
				GCC_WARN_UNUSED_VARIABLE = YES;
				MACOSX_DEPLOYMENT_TARGET = 13.0;
				SDKROOT = macosx;
				STRING_CATALOG_GENERATE_SYMBOLS = YES;
				SWIFT_COMPILATION_MODE = wholemodule;
				SWIFT_OPTIMIZATION_LEVEL = "-O";
				SWIFT_STRICT_CONCURRENCY = complete;
				SWIFT_VERSION = 5.0;
			};
			name = Release;
		};
		E9B2E96ABC5F6856F2BE79CF /* Debug */ = {
			isa = XCBuildConfiguration;
			buildSettings = {
				CLANG_ENABLE_OBJC_WEAK = YES;
				CODE_SIGN_STYLE = Automatic;
				COMBINE_HIDPI_IMAGES = YES;
				DEAD_CODE_STRIPPING = YES;
				DEBUG_INFORMATION_FORMAT = dwarf;
				ENABLE_APP_SANDBOX = NO;
				ENABLE_HARDENED_RUNTIME = YES;
				ENABLE_TESTABILITY = YES;
				ENABLE_USER_SCRIPT_SANDBOXING = NO;
				GENERATE_INFOPLIST_FILE = NO;
				INFOPLIST_FILE = Resources/Info.plist;
				MACOSX_DEPLOYMENT_TARGET = 13.0;
				PRODUCT_BUNDLE_IDENTIFIER = com.breu.macmute;
				PRODUCT_MODULE_NAME = MacMuteApp;
				PRODUCT_NAME = MacMute;
				SWIFT_ACTIVE_COMPILATION_CONDITIONS = "DEBUG $(inherited)";
				SWIFT_OPTIMIZATION_LEVEL = "-Onone";
			};
			name = Debug;
		};
		FCB48D8F88BCDB0ED9FADFD7 /* Debug */ = {
			isa = XCBuildConfiguration;
			buildSettings = {
				BUNDLE_LOADER = "$(TEST_HOST)";
				CLANG_ENABLE_OBJC_WEAK = YES;
				CODE_SIGN_STYLE = Automatic;
				DEAD_CODE_STRIPPING = YES;
				DEBUG_INFORMATION_FORMAT = dwarf;
				ENABLE_TESTABILITY = YES;
				GENERATE_INFOPLIST_FILE = YES;
				MACOSX_DEPLOYMENT_TARGET = 13.0;
				PRODUCT_BUNDLE_IDENTIFIER = com.breu.macmute.tests;
				PRODUCT_NAME = "$(TARGET_NAME)";
				SWIFT_ACTIVE_COMPILATION_CONDITIONS = "DEBUG $(inherited)";
				SWIFT_OPTIMIZATION_LEVEL = "-Onone";
				TEST_HOST = "$(BUILT_PRODUCTS_DIR)/MacMute.app/Contents/MacOS/MacMute";
			};
			name = Debug;
		};
/* End XCBuildConfiguration section */

/* Begin XCConfigurationList section */
		862894B703A6DEDF96A9DD6C /* Build configuration list for PBXProject "MacMute" */ = {
			isa = XCConfigurationList;
			buildConfigurations = (
				89E1FD6268CC0F221A2BE178 /* Debug */,
				E6DE6C99132752C914FEF632 /* Release */,
			);
			defaultConfigurationIsVisible = 0;
			defaultConfigurationName = Release;
		};
		BECB265224D91761C05FDA33 /* Build configuration list for PBXNativeTarget "MacMuteAppTests" */ = {
			isa = XCConfigurationList;
			buildConfigurations = (
				FCB48D8F88BCDB0ED9FADFD7 /* Debug */,
				942EEBBACD6C88CAE7F29B29 /* Release */,
			);
			defaultConfigurationIsVisible = 0;
			defaultConfigurationName = Release;
		};
		F37922C48DA5978D02C9E50E /* Build configuration list for PBXNativeTarget "MacMute" */ = {
			isa = XCConfigurationList;
			buildConfigurations = (
				E9B2E96ABC5F6856F2BE79CF /* Debug */,
				5A8C91857F674E16E2724F47 /* Release */,
			);
			defaultConfigurationIsVisible = 0;
			defaultConfigurationName = Release;
		};
/* End XCConfigurationList section */
	};
	rootObject = 98F54143AB4E86B28C3AFEE0 /* Project object */;
}
