// !$*UTF8*$!
{ archiveVersion = 1; classes = {}; objectVersion = 56; objects = {
9834A51247CBE7FF93B60A7F = { isa = PBXFileReference; lastKnownFileType = sourcecode.swift; path = "Sources/MacMuteApp/AppDelegate.swift"; sourceTree = SOURCE_ROOT; };
54C0D2410748EE4E54C3F0CD = { isa = PBXBuildFile; fileRef = 9834A51247CBE7FF93B60A7F; };
D64839B49AB397A5C3A35C7B = { isa = PBXFileReference; lastKnownFileType = sourcecode.swift; path = "Sources/MacMuteApp/ClickSoundPlayer.swift"; sourceTree = SOURCE_ROOT; };
5A4EC18E4951F47942EBD308 = { isa = PBXBuildFile; fileRef = D64839B49AB397A5C3A35C7B; };
EF4A51C7D6B8CDC9CA52D327 = { isa = PBXFileReference; lastKnownFileType = sourcecode.swift; path = "Sources/MacMuteApp/HotkeyManager.swift"; sourceTree = SOURCE_ROOT; };
63AB3ED8DD3C16412B50765E = { isa = PBXBuildFile; fileRef = EF4A51C7D6B8CDC9CA52D327; };
711E0CD81FA22FA279410FCF = { isa = PBXFileReference; lastKnownFileType = sourcecode.swift; path = "Sources/MacMuteApp/LaunchAtLoginManager.swift"; sourceTree = SOURCE_ROOT; };
FF00A107DDE7181CA7E31724 = { isa = PBXBuildFile; fileRef = 711E0CD81FA22FA279410FCF; };
AADD5C23026C0D59AE6B6C81 = { isa = PBXFileReference; lastKnownFileType = sourcecode.swift; path = "Sources/MacMuteApp/MacMuteApplication.swift"; sourceTree = SOURCE_ROOT; };
AFAB677187F67732C8CC4A38 = { isa = PBXBuildFile; fileRef = AADD5C23026C0D59AE6B6C81; };
FC4165FACED749201B1DF3D6 = { isa = PBXFileReference; lastKnownFileType = sourcecode.swift; path = "Sources/MacMuteApp/MicMuteController.swift"; sourceTree = SOURCE_ROOT; };
0978A5A4F85C7361893A41E5 = { isa = PBXBuildFile; fileRef = FC4165FACED749201B1DF3D6; };
874924BE6C9B0F6855C1D63C = { isa = PBXFileReference; lastKnownFileType = sourcecode.swift; path = "Sources/MacMuteApp/PreferencesWindow.swift"; sourceTree = SOURCE_ROOT; };
C0BC9BAA7CB650194C07BF2F = { isa = PBXBuildFile; fileRef = 874924BE6C9B0F6855C1D63C; };
973BD5A2305BDA82AA192E4A = { isa = PBXFileReference; lastKnownFileType = sourcecode.swift; path = "Sources/MacMuteApp/PushToTalkController.swift"; sourceTree = SOURCE_ROOT; };
67283661A259879923BCB7CD = { isa = PBXBuildFile; fileRef = 973BD5A2305BDA82AA192E4A; };
ABCE670E24B70CFE507AFAE8 = { isa = PBXFileReference; lastKnownFileType = sourcecode.swift; path = "Sources/MacMuteApp/StatusBarController.swift"; sourceTree = SOURCE_ROOT; };
D90F8BD9B78B4D88B46E0D1D = { isa = PBXBuildFile; fileRef = ABCE670E24B70CFE507AFAE8; };
632A0C32EBC2CD51D84FF342 = { isa = PBXFileReference; lastKnownFileType = sourcecode.swift; path = "Tests/MacMuteAppTests/MicMuteControllerTests.swift"; sourceTree = SOURCE_ROOT; };
68CB5C07DAB2DB2C7B51D3CB = { isa = PBXBuildFile; fileRef = 632A0C32EBC2CD51D84FF342; };
A15B676969A5E7D9E12E652A = { isa = PBXFileReference; lastKnownFileType = sourcecode.swift; path = "Tests/MacMuteAppTests/ReleaseScriptTests.swift"; sourceTree = SOURCE_ROOT; };
CC070515EB886D43CB13D9D4 = { isa = PBXBuildFile; fileRef = A15B676969A5E7D9E12E652A; };
F8995BA5891B07E328C60D6B = { isa = PBXFileReference; lastKnownFileType = image.png; path = Resources/RaptorIcon.png; sourceTree = SOURCE_ROOT; };
74C2431FE30C4A47C8443B80 = { isa = PBXBuildFile; fileRef = F8995BA5891B07E328C60D6B; };
59BD0A3FF43B32849B319E64 = { isa = PBXFileReference; lastKnownFileType = text.plist.xml; path = Resources/Info.plist; sourceTree = SOURCE_ROOT; };
8BCD5BC4CDFDF0918087C782 = { isa = PBXFileReference; explicitFileType = wrapper.application; path = MacMute.app; sourceTree = BUILT_PRODUCTS_DIR; };
F219C0274590DA45E4BEF1EA = { isa = PBXFileReference; explicitFileType = wrapper.cfbundle; path = MacMuteAppTests.xctest; sourceTree = BUILT_PRODUCTS_DIR; };
BCE16DD0260827ECF338C787 = { isa = PBXGroup; name = Sources; children = (9834A51247CBE7FF93B60A7F,D64839B49AB397A5C3A35C7B,EF4A51C7D6B8CDC9CA52D327,711E0CD81FA22FA279410FCF,AADD5C23026C0D59AE6B6C81,FC4165FACED749201B1DF3D6,874924BE6C9B0F6855C1D63C,973BD5A2305BDA82AA192E4A,ABCE670E24B70CFE507AFAE8,); sourceTree = "<group>"; };
04D13FD0AA6F0197CF2C9990 = { isa = PBXGroup; name = Tests; children = (632A0C32EBC2CD51D84FF342,A15B676969A5E7D9E12E652A,); sourceTree = "<group>"; };
0189424A5A60FED329FA868E = { isa = PBXGroup; name = Resources; children = (59BD0A3FF43B32849B319E64,F8995BA5891B07E328C60D6B,); sourceTree = "<group>"; };
FBDC4F23F93125BBEEAE800C = { isa = PBXGroup; name = Products; children = (8BCD5BC4CDFDF0918087C782,F219C0274590DA45E4BEF1EA,); sourceTree = "<group>"; };
DC76E9F0C0006E8F919E0C51 = { isa = PBXGroup; children = (BCE16DD0260827ECF338C787,04D13FD0AA6F0197CF2C9990,0189424A5A60FED329FA868E,FBDC4F23F93125BBEEAE800C,); sourceTree = "<group>"; };
971ED9D05B25DB6C4D7680D4 = { isa = PBXSourcesBuildPhase; buildActionMask = 2147483647; files = (54C0D2410748EE4E54C3F0CD,5A4EC18E4951F47942EBD308,63AB3ED8DD3C16412B50765E,FF00A107DDE7181CA7E31724,AFAB677187F67732C8CC4A38,0978A5A4F85C7361893A41E5,C0BC9BAA7CB650194C07BF2F,67283661A259879923BCB7CD,D90F8BD9B78B4D88B46E0D1D,); runOnlyForDeploymentPostprocessing = 0; };
6E431EB0650617AA1756B320 = { isa = PBXSourcesBuildPhase; buildActionMask = 2147483647; files = (68CB5C07DAB2DB2C7B51D3CB,CC070515EB886D43CB13D9D4,); runOnlyForDeploymentPostprocessing = 0; };
364863F9F2E558B0F50473FC = { isa = PBXResourcesBuildPhase; buildActionMask = 2147483647; files = (74C2431FE30C4A47C8443B80,); runOnlyForDeploymentPostprocessing = 0; };
78AE8C6BEB2A40A6D824CCEE = { isa = PBXFrameworksBuildPhase; buildActionMask = 2147483647; files = (); runOnlyForDeploymentPostprocessing = 0; };
1ABF84E55BD30AC2CEF8FC42 = { isa = PBXFrameworksBuildPhase; buildActionMask = 2147483647; files = (); runOnlyForDeploymentPostprocessing = 0; };
39C6E398A04BE9557E9F612D = { isa = PBXShellScriptBuildPhase; buildActionMask = 2147483647; files = (); inputPaths = ("$(SRCROOT)/Resources/RaptorIcon.png",); outputPaths = ("$(TARGET_BUILD_DIR)/$(UNLOCALIZED_RESOURCES_FOLDER_PATH)/AppIcon.icns",); name = "Generate App Icon"; shellPath = /bin/bash; shellScript = "set -eu\nICONSET=\"${DERIVED_FILE_DIR}/AppIcon.iconset\"\nmkdir -p \"$ICONSET\"\nfor size in 16 32 128 256 512; do\n sips -z \"$size\" \"$size\" \"$SRCROOT/Resources/RaptorIcon.png\" --out \"$ICONSET/icon_${size}x${size}.png\" >/dev/null\n double=$((size * 2))\n sips -z \"$double\" \"$double\" \"$SRCROOT/Resources/RaptorIcon.png\" --out \"$ICONSET/icon_${size}x${size}@2x.png\" >/dev/null\ndone\niconutil -c icns \"$ICONSET\" -o \"$TARGET_BUILD_DIR/$UNLOCALIZED_RESOURCES_FOLDER_PATH/AppIcon.icns\"\n"; runOnlyForDeploymentPostprocessing = 0; };
89E1FD6268CC0F221A2BE178 = { isa = XCBuildConfiguration; name = Debug; buildSettings = {MACOSX_DEPLOYMENT_TARGET = "13.0"; SDKROOT = "macosx"; SWIFT_VERSION = "5.0"; SWIFT_STRICT_CONCURRENCY = "complete"; CLANG_ENABLE_MODULES = "YES"; SWIFT_OPTIMIZATION_LEVEL = "-Onone"; DEBUG_INFORMATION_FORMAT = "dwarf"; ENABLE_TESTABILITY = "YES"; SWIFT_ACTIVE_COMPILATION_CONDITIONS = "DEBUG $(inherited)"; }; };
E6DE6C99132752C914FEF632 = { isa = XCBuildConfiguration; name = Release; buildSettings = {MACOSX_DEPLOYMENT_TARGET = "13.0"; SDKROOT = "macosx"; SWIFT_VERSION = "5.0"; SWIFT_STRICT_CONCURRENCY = "complete"; CLANG_ENABLE_MODULES = "YES"; SWIFT_OPTIMIZATION_LEVEL = "-O"; DEBUG_INFORMATION_FORMAT = "dwarf-with-dsym"; ENABLE_TESTABILITY = "NO"; }; };
862894B703A6DEDF96A9DD6C = { isa = XCConfigurationList; buildConfigurations = (89E1FD6268CC0F221A2BE178,E6DE6C99132752C914FEF632,); defaultConfigurationIsVisible = 0; defaultConfigurationName = Release; };
E9B2E96ABC5F6856F2BE79CF = { isa = XCBuildConfiguration; name = Debug; buildSettings = {PRODUCT_NAME = "MacMute"; PRODUCT_MODULE_NAME = "MacMuteApp"; PRODUCT_BUNDLE_IDENTIFIER = "com.breu.macmute"; INFOPLIST_FILE = "Resources/Info.plist"; GENERATE_INFOPLIST_FILE = "NO"; CODE_SIGN_STYLE = "Automatic"; DEVELOPMENT_TEAM = "6Q66ZYGK4J"; ENABLE_HARDENED_RUNTIME = "YES"; ENABLE_APP_SANDBOX = "NO"; ENABLE_USER_SCRIPT_SANDBOXING = "NO"; COMBINE_HIDPI_IMAGES = "YES"; SWIFT_OPTIMIZATION_LEVEL = "-Onone"; DEBUG_INFORMATION_FORMAT = "dwarf"; ENABLE_TESTABILITY = "YES"; SWIFT_ACTIVE_COMPILATION_CONDITIONS = "DEBUG $(inherited)"; }; };
5A8C91857F674E16E2724F47 = { isa = XCBuildConfiguration; name = Release; buildSettings = {PRODUCT_NAME = "MacMute"; PRODUCT_MODULE_NAME = "MacMuteApp"; PRODUCT_BUNDLE_IDENTIFIER = "com.breu.macmute"; INFOPLIST_FILE = "Resources/Info.plist"; GENERATE_INFOPLIST_FILE = "NO"; CODE_SIGN_STYLE = "Automatic"; DEVELOPMENT_TEAM = "6Q66ZYGK4J"; ENABLE_HARDENED_RUNTIME = "YES"; ENABLE_APP_SANDBOX = "NO"; ENABLE_USER_SCRIPT_SANDBOXING = "NO"; COMBINE_HIDPI_IMAGES = "YES"; SWIFT_OPTIMIZATION_LEVEL = "-O"; DEBUG_INFORMATION_FORMAT = "dwarf-with-dsym"; ENABLE_TESTABILITY = "NO"; }; };
F37922C48DA5978D02C9E50E = { isa = XCConfigurationList; buildConfigurations = (E9B2E96ABC5F6856F2BE79CF,5A8C91857F674E16E2724F47,); defaultConfigurationIsVisible = 0; defaultConfigurationName = Release; };
FCB48D8F88BCDB0ED9FADFD7 = { isa = XCBuildConfiguration; name = Debug; buildSettings = {PRODUCT_NAME = "$(TARGET_NAME)"; PRODUCT_BUNDLE_IDENTIFIER = "com.breu.macmute.tests"; GENERATE_INFOPLIST_FILE = "YES"; CODE_SIGN_STYLE = "Automatic"; DEVELOPMENT_TEAM = "6Q66ZYGK4J"; TEST_HOST = "$(BUILT_PRODUCTS_DIR)/MacMute.app/Contents/MacOS/MacMute"; BUNDLE_LOADER = "$(TEST_HOST)"; SWIFT_OPTIMIZATION_LEVEL = "-Onone"; DEBUG_INFORMATION_FORMAT = "dwarf"; ENABLE_TESTABILITY = "YES"; SWIFT_ACTIVE_COMPILATION_CONDITIONS = "DEBUG $(inherited)"; }; };
942EEBBACD6C88CAE7F29B29 = { isa = XCBuildConfiguration; name = Release; buildSettings = {PRODUCT_NAME = "$(TARGET_NAME)"; PRODUCT_BUNDLE_IDENTIFIER = "com.breu.macmute.tests"; GENERATE_INFOPLIST_FILE = "YES"; CODE_SIGN_STYLE = "Automatic"; DEVELOPMENT_TEAM = "6Q66ZYGK4J"; TEST_HOST = "$(BUILT_PRODUCTS_DIR)/MacMute.app/Contents/MacOS/MacMute"; BUNDLE_LOADER = "$(TEST_HOST)"; SWIFT_OPTIMIZATION_LEVEL = "-O"; DEBUG_INFORMATION_FORMAT = "dwarf-with-dsym"; ENABLE_TESTABILITY = "NO"; }; };
BECB265224D91761C05FDA33 = { isa = XCConfigurationList; buildConfigurations = (FCB48D8F88BCDB0ED9FADFD7,942EEBBACD6C88CAE7F29B29,); defaultConfigurationIsVisible = 0; defaultConfigurationName = Release; };
D799BAE6088A90139B415FCC = { isa = PBXContainerItemProxy; containerPortal = 98F54143AB4E86B28C3AFEE0; proxyType = 1; remoteGlobalIDString = C13732C8E715C9BEE4FA51C9; remoteInfo = MacMute; };
DE58E2B17C19600779694943 = { isa = PBXTargetDependency; target = C13732C8E715C9BEE4FA51C9; targetProxy = D799BAE6088A90139B415FCC; };
C13732C8E715C9BEE4FA51C9 = { isa = PBXNativeTarget; name = MacMute; productName = MacMute; productType = "com.apple.product-type.application"; productReference = 8BCD5BC4CDFDF0918087C782; buildConfigurationList = F37922C48DA5978D02C9E50E; buildPhases = (971ED9D05B25DB6C4D7680D4,78AE8C6BEB2A40A6D824CCEE,364863F9F2E558B0F50473FC,39C6E398A04BE9557E9F612D,); buildRules = (); dependencies = (); };
64BCB755386F844C96A2A5B0 = { isa = PBXNativeTarget; name = MacMuteAppTests; productName = MacMuteAppTests; productType = "com.apple.product-type.bundle.unit-test"; productReference = F219C0274590DA45E4BEF1EA; buildConfigurationList = BECB265224D91761C05FDA33; buildPhases = (6E431EB0650617AA1756B320,1ABF84E55BD30AC2CEF8FC42,); buildRules = (); dependencies = (DE58E2B17C19600779694943,); };
98F54143AB4E86B28C3AFEE0 = { isa = PBXProject; attributes = { LastUpgradeCheck = 1600; }; buildConfigurationList = 862894B703A6DEDF96A9DD6C; compatibilityVersion = "Xcode 14.0"; developmentRegion = en; knownRegions = (en,Base,); mainGroup = DC76E9F0C0006E8F919E0C51; productRefGroup = FBDC4F23F93125BBEEAE800C; projectDirPath = ""; projectRoot = ""; targets = (C13732C8E715C9BEE4FA51C9,64BCB755386F844C96A2A5B0,); };
}; rootObject = 98F54143AB4E86B28C3AFEE0; }
